// !$*UTF8*$!
{
	archiveVersion = 1;
	classes = {
	};
	objectVersion = 55;
	objects = {

/* Begin PBXBuildFile section */
		B665F4502849221200551086 /* Mugen_ReaderApp.swift in Sources */ = {isa = PBXBuildFile; fileRef = B665F44F2849221200551086 /* Mugen_ReaderApp.swift */; };
		B665F4522849221200551086 /* MainView.swift in Sources */ = {isa = PBXBuildFile; fileRef = B665F4512849221200551086 /* MainView.swift */; };
		B665F4542849221400551086 /* Assets.xcassets in Resources */ = {isa = PBXBuildFile; fileRef = B665F4532849221400551086 /* Assets.xcassets */; };
		B665F4572849221400551086 /* Preview Assets.xcassets in Resources */ = {isa = PBXBuildFile; fileRef = B665F4562849221400551086 /* Preview Assets.xcassets */; };
		B665F45F284922DE00551086 /* MangaJSON.swift in Sources */ = {isa = PBXBuildFile; fileRef = B665F45E284922DE00551086 /* MangaJSON.swift */; };
		B665F4612849232D00551086 /* MangaInfo.swift in Sources */ = {isa = PBXBuildFile; fileRef = B665F4602849232D00551086 /* MangaInfo.swift */; };
		B665F4632849237300551086 /* getMangaCover.swift in Sources */ = {isa = PBXBuildFile; fileRef = B665F4622849237300551086 /* getMangaCover.swift */; };
		B69480A528672C90006C12A8 /* ListMangaItem.swift in Sources */ = {isa = PBXBuildFile; fileRef = B69480A428672C90006C12A8 /* ListMangaItem.swift */; };
		B6A6AC0C28492C2A00D20620 /* ReadChapter.swift in Sources */ = {isa = PBXBuildFile; fileRef = B6A6AC0B28492C2A00D20620 /* ReadChapter.swift */; };
		B6CB0691285B8BCE0007846D /* getMangaPageView.swift in Sources */ = {isa = PBXBuildFile; fileRef = B6CB0690285B8BCE0007846D /* getMangaPageView.swift */; };
		B6F30AAB2865F189002DF03C /* SeasonalManga.swift in Sources */ = {isa = PBXBuildFile; fileRef = B6F30AAA2865F189002DF03C /* SeasonalManga.swift */; };
		B6F30AAD2865F31F002DF03C /* SearchManga.swift in Sources */ = {isa = PBXBuildFile; fileRef = B6F30AAC2865F31F002DF03C /* SearchManga.swift */; };
/* End PBXBuildFile section */

/* Begin PBXFileReference section */
		B665F44C2849221200551086 /* Mugen Reader.app */ = {isa = PBXFileReference; explicitFileType = wrapper.application; includeInIndex = 0; path = "Mugen Reader.app"; sourceTree = BUILT_PRODUCTS_DIR; };
		B665F44F2849221200551086 /* Mugen_ReaderApp.swift */ = {isa = PBXFileReference; lastKnownFileType = sourcecode.swift; path = Mugen_ReaderApp.swift; sourceTree = "<group>"; };
		B665F4512849221200551086 /* MainView.swift */ = {isa = PBXFileReference; lastKnownFileType = sourcecode.swift; path = MainView.swift; sourceTree = "<group>"; };
		B665F4532849221400551086 /* Assets.xcassets */ = {isa = PBXFileReference; lastKnownFileType = folder.assetcatalog; path = Assets.xcassets; sourceTree = "<group>"; };
		B665F4562849221400551086 /* Preview Assets.xcassets */ = {isa = PBXFileReference; lastKnownFileType = folder.assetcatalog; path = "Preview Assets.xcassets"; sourceTree = "<group>"; };
		B665F45E284922DE00551086 /* MangaJSON.swift */ = {isa = PBXFileReference; lastKnownFileType = sourcecode.swift; path = MangaJSON.swift; sourceTree = "<group>"; };
		B665F4602849232D00551086 /* MangaInfo.swift */ = {isa = PBXFileReference; lastKnownFileType = sourcecode.swift; path = MangaInfo.swift; sourceTree = "<group>"; };
		B665F4622849237300551086 /* getMangaCover.swift */ = {isa = PBXFileReference; lastKnownFileType = sourcecode.swift; path = getMangaCover.swift; sourceTree = "<group>"; };
		B69480A428672C90006C12A8 /* ListMangaItem.swift */ = {isa = PBXFileReference; lastKnownFileType = sourcecode.swift; path = ListMangaItem.swift; sourceTree = "<group>"; };
		B6A6AC0B28492C2A00D20620 /* ReadChapter.swift */ = {isa = PBXFileReference; lastKnownFileType = sourcecode.swift; path = ReadChapter.swift; sourceTree = "<group>"; };
		B6CB0690285B8BCE0007846D /* getMangaPageView.swift */ = {isa = PBXFileReference; lastKnownFileType = sourcecode.swift; path = getMangaPageView.swift; sourceTree = "<group>"; };
		B6F30AAA2865F189002DF03C /* SeasonalManga.swift */ = {isa = PBXFileReference; lastKnownFileType = sourcecode.swift; path = SeasonalManga.swift; sourceTree = "<group>"; };
		B6F30AAC2865F31F002DF03C /* SearchManga.swift */ = {isa = PBXFileReference; lastKnownFileType = sourcecode.swift; path = SearchManga.swift; sourceTree = "<group>"; };
/* End PBXFileReference section */

/* Begin PBXFrameworksBuildPhase section */
		B665F4492849221200551086 /* Frameworks */ = {
			isa = PBXFrameworksBuildPhase;
			buildActionMask = 2147483647;
			files = (
			);
			runOnlyForDeploymentPostprocessing = 0;
		};
/* End PBXFrameworksBuildPhase section */

/* Begin PBXGroup section */
		B665F4432849221200551086 = {
			isa = PBXGroup;
			children = (
				B665F44E2849221200551086 /* Mugen Reader */,
				B665F44D2849221200551086 /* Products */,
			);
			sourceTree = "<group>";
		};
		B665F44D2849221200551086 /* Products */ = {
			isa = PBXGroup;
			children = (
				B665F44C2849221200551086 /* Mugen Reader.app */,
			);
			name = Products;
			sourceTree = "<group>";
		};
		B665F44E2849221200551086 /* Mugen Reader */ = {
			isa = PBXGroup;
			children = (
				B665F44F2849221200551086 /* Mugen_ReaderApp.swift */,
				B69480A628672E7F006C12A8 /* Views */,
				B665F45D284922CD00551086 /* Models */,
				B665F4532849221400551086 /* Assets.xcassets */,
				B665F4552849221400551086 /* Preview Content */,
			);
			path = "Mugen Reader";
			sourceTree = "<group>";
		};
		B665F4552849221400551086 /* Preview Content */ = {
			isa = PBXGroup;
			children = (
				B665F4562849221400551086 /* Preview Assets.xcassets */,
			);
			path = "Preview Content";
			sourceTree = "<group>";
		};
		B665F45D284922CD00551086 /* Models */ = {
			isa = PBXGroup;
			children = (
				B665F4622849237300551086 /* getMangaCover.swift */,
				B6CB0690285B8BCE0007846D /* getMangaPageView.swift */,
				B665F45E284922DE00551086 /* MangaJSON.swift */,
			);
			path = Models;
			sourceTree = "<group>";
		};
		B69480A628672E7F006C12A8 /* Views */ = {
			isa = PBXGroup;
			children = (
				B665F4512849221200551086 /* MainView.swift */,
				B69480A428672C90006C12A8 /* ListMangaItem.swift */,
				B6F30AAA2865F189002DF03C /* SeasonalManga.swift */,
				B6F30AAC2865F31F002DF03C /* SearchManga.swift */,
				B665F4602849232D00551086 /* MangaInfo.swift */,
				B6A6AC0B28492C2A00D20620 /* ReadChapter.swift */,
			);
			path = Views;
			sourceTree = "<group>";
		};
/* End PBXGroup section */

/* Begin PBXNativeTarget section */
		B665F44B2849221200551086 /* Mugen Reader */ = {
			isa = PBXNativeTarget;
			buildConfigurationList = B665F45A2849221400551086 /* Build configuration list for PBXNativeTarget "Mugen Reader" */;
			buildPhases = (
				B665F4482849221200551086 /* Sources */,
				B665F4492849221200551086 /* Frameworks */,
				B665F44A2849221200551086 /* Resources */,
			);
			buildRules = (
			);
			dependencies = (
			);
			name = "Mugen Reader";
			productName = "Mugen Reader";
			productReference = B665F44C2849221200551086 /* Mugen Reader.app */;
			productType = "com.apple.product-type.application";
		};
/* End PBXNativeTarget section */

/* Begin PBXProject section */
		B665F4442849221200551086 /* Project object */ = {
			isa = PBXProject;
			attributes = {
				BuildIndependentTargetsInParallel = 1;
				LastSwiftUpdateCheck = 1340;
				LastUpgradeCheck = 1340;
				TargetAttributes = {
					B665F44B2849221200551086 = {
						CreatedOnToolsVersion = 13.4;
					};
				};
			};
			buildConfigurationList = B665F4472849221200551086 /* Build configuration list for PBXProject "Mugen Reader" */;
			compatibilityVersion = "Xcode 13.0";
			developmentRegion = en;
			hasScannedForEncodings = 0;
			knownRegions = (
				en,
				Base,
			);
			mainGroup = B665F4432849221200551086;
			productRefGroup = B665F44D2849221200551086 /* Products */;
			projectDirPath = "";
			projectRoot = "";
			targets = (
				B665F44B2849221200551086 /* Mugen Reader */,
			);
		};
/* End PBXProject section */

/* Begin PBXResourcesBuildPhase section */
		B665F44A2849221200551086 /* Resources */ = {
			isa = PBXResourcesBuildPhase;
			buildActionMask = 2147483647;
			files = (
				B665F4572849221400551086 /* Preview Assets.xcassets in Resources */,
				B665F4542849221400551086 /* Assets.xcassets in Resources */,
			);
			runOnlyForDeploymentPostprocessing = 0;
		};
/* End PBXResourcesBuildPhase section */

/* Begin PBXSourcesBuildPhase section */
		B665F4482849221200551086 /* Sources */ = {
			isa = PBXSourcesBuildPhase;
			buildActionMask = 2147483647;
			files = (
				B6F30AAB2865F189002DF03C /* SeasonalManga.swift in Sources */,
				B665F4522849221200551086 /* MainView.swift in Sources */,
				B665F4502849221200551086 /* Mugen_ReaderApp.swift in Sources */,
				B6F30AAD2865F31F002DF03C /* SearchManga.swift in Sources */,
				B665F4612849232D00551086 /* MangaInfo.swift in Sources */,
				B6A6AC0C28492C2A00D20620 /* ReadChapter.swift in Sources */,
				B6CB0691285B8BCE0007846D /* getMangaPageView.swift in Sources */,
				B665F45F284922DE00551086 /* MangaJSON.swift in Sources */,
				B665F4632849237300551086 /* getMangaCover.swift in Sources */,
				B69480A528672C90006C12A8 /* ListMangaItem.swift in Sources */,
			);
			runOnlyForDeploymentPostprocessing = 0;
		};
/* End PBXSourcesBuildPhase section */

/* Begin XCBuildConfiguration section */
		B665F4582849221400551086 /* Debug */ = {
			isa = XCBuildConfiguration;
			buildSettings = {
				ALWAYS_SEARCH_USER_PATHS = NO;
				CLANG_ANALYZER_NONNULL = YES;
				CLANG_ANALYZER_NUMBER_OBJECT_CONVERSION = YES_AGGRESSIVE;
				CLANG_CXX_LANGUAGE_STANDARD = "gnu++17";
				CLANG_ENABLE_MODULES = YES;
				CLANG_ENABLE_OBJC_ARC = YES;
				CLANG_ENABLE_OBJC_WEAK = YES;
				CLANG_WARN_BLOCK_CAPTURE_AUTORELEASING = YES;
				CLANG_WARN_BOOL_CONVERSION = YES;
				CLANG_WARN_COMMA = YES;
				CLANG_WARN_CONSTANT_CONVERSION = YES;
				CLANG_WARN_DEPRECATED_OBJC_IMPLEMENTATIONS = YES;
				CLANG_WARN_DIRECT_OBJC_ISA_USAGE = YES_ERROR;
				CLANG_WARN_DOCUMENTATION_COMMENTS = YES;
				CLANG_WARN_EMPTY_BODY = YES;
				CLANG_WARN_ENUM_CONVERSION = YES;
				CLANG_WARN_INFINITE_RECURSION = YES;
				CLANG_WARN_INT_CONVERSION = YES;
				CLANG_WARN_NON_LITERAL_NULL_CONVERSION = YES;
				CLANG_WARN_OBJC_IMPLICIT_RETAIN_SELF = YES;
				CLANG_WARN_OBJC_LITERAL_CONVERSION = YES;
				CLANG_WARN_OBJC_ROOT_CLASS = YES_ERROR;
				CLANG_WARN_QUOTED_INCLUDE_IN_FRAMEWORK_HEADER = YES;
				CLANG_WARN_RANGE_LOOP_ANALYSIS = YES;
				CLANG_WARN_STRICT_PROTOTYPES = YES;
				CLANG_WARN_SUSPICIOUS_MOVE = YES;
				CLANG_WARN_UNGUARDED_AVAILABILITY = YES_AGGRESSIVE;
				CLANG_WARN_UNREACHABLE_CODE = YES;
				CLANG_WARN__DUPLICATE_METHOD_MATCH = YES;
				COPY_PHASE_STRIP = NO;
				DEBUG_INFORMATION_FORMAT = dwarf;
				ENABLE_STRICT_OBJC_MSGSEND = YES;
				ENABLE_TESTABILITY = YES;
				GCC_C_LANGUAGE_STANDARD = gnu11;
				GCC_DYNAMIC_NO_PIC = NO;
				GCC_NO_COMMON_BLOCKS = YES;
				GCC_OPTIMIZATION_LEVEL = 0;
				GCC_PREPROCESSOR_DEFINITIONS = (
					"DEBUG=1",
					"$(inherited)",
				);
				GCC_WARN_64_TO_32_BIT_CONVERSION = YES;
				GCC_WARN_ABOUT_RETURN_TYPE = YES_ERROR;
				GCC_WARN_UNDECLARED_SELECTOR = YES;
				GCC_WARN_UNINITIALIZED_AUTOS = YES_AGGRESSIVE;
				GCC_WARN_UNUSED_FUNCTION = YES;
				GCC_WARN_UNUSED_VARIABLE = YES;
				IPHONEOS_DEPLOYMENT_TARGET = 15.5;
				MTL_ENABLE_DEBUG_INFO = INCLUDE_SOURCE;
				MTL_FAST_MATH = YES;
				ONLY_ACTIVE_ARCH = YES;
				SDKROOT = iphoneos;
				SWIFT_ACTIVE_COMPILATION_CONDITIONS = DEBUG;
				SWIFT_OPTIMIZATION_LEVEL = "-Onone";
			};
			name = Debug;
		};
		B665F4592849221400551086 /* Release */ = {
			isa = XCBuildConfiguration;
			buildSettings = {
				ALWAYS_SEARCH_USER_PATHS = NO;
				CLANG_ANALYZER_NONNULL = YES;
				CLANG_ANALYZER_NUMBER_OBJECT_CONVERSION = YES_AGGRESSIVE;
				CLANG_CXX_LANGUAGE_STANDARD = "gnu++17";
				CLANG_ENABLE_MODULES = YES;
				CLANG_ENABLE_OBJC_ARC = YES;
				CLANG_ENABLE_OBJC_WEAK = YES;
				CLANG_WARN_BLOCK_CAPTURE_AUTORELEASING = YES;
				CLANG_WARN_BOOL_CONVERSION = YES;
				CLANG_WARN_COMMA = YES;
				CLANG_WARN_CONSTANT_CONVERSION = YES;
				CLANG_WARN_DEPRECATED_OBJC_IMPLEMENTATIONS = YES;
				CLANG_WARN_DIRECT_OBJC_ISA_USAGE = YES_ERROR;
				CLANG_WARN_DOCUMENTATION_COMMENTS = YES;
				CLANG_WARN_EMPTY_BODY = YES;
				CLANG_WARN_ENUM_CONVERSION = YES;
				CLANG_WARN_INFINITE_RECURSION = YES;
				CLANG_WARN_INT_CONVERSION = YES;
				CLANG_WARN_NON_LITERAL_NULL_CONVERSION = YES;
				CLANG_WARN_OBJC_IMPLICIT_RETAIN_SELF = YES;
				CLANG_WARN_OBJC_LITERAL_CONVERSION = YES;
				CLANG_WARN_OBJC_ROOT_CLASS = YES_ERROR;
				CLANG_WARN_QUOTED_INCLUDE_IN_FRAMEWORK_HEADER = YES;
				CLANG_WARN_RANGE_LOOP_ANALYSIS = YES;
				CLANG_WARN_STRICT_PROTOTYPES = YES;
				CLANG_WARN_SUSPICIOUS_MOVE = YES;
				CLANG_WARN_UNGUARDED_AVAILABILITY = YES_AGGRESSIVE;
				CLANG_WARN_UNREACHABLE_CODE = YES;
				CLANG_WARN__DUPLICATE_METHOD_MATCH = YES;
				COPY_PHASE_STRIP = NO;
				DEBUG_INFORMATION_FORMAT = "dwarf-with-dsym";
				ENABLE_NS_ASSERTIONS = NO;
				ENABLE_STRICT_OBJC_MSGSEND = YES;
				GCC_C_LANGUAGE_STANDARD = gnu11;
				GCC_NO_COMMON_BLOCKS = YES;
				GCC_WARN_64_TO_32_BIT_CONVERSION = YES;
				GCC_WARN_ABOUT_RETURN_TYPE = YES_ERROR;
				GCC_WARN_UNDECLARED_SELECTOR = YES;
				GCC_WARN_UNINITIALIZED_AUTOS = YES_AGGRESSIVE;
				GCC_WARN_UNUSED_FUNCTION = YES;
				GCC_WARN_UNUSED_VARIABLE = YES;
				IPHONEOS_DEPLOYMENT_TARGET = 15.5;
				MTL_ENABLE_DEBUG_INFO = NO;
				MTL_FAST_MATH = YES;
				SDKROOT = iphoneos;
				SWIFT_COMPILATION_MODE = wholemodule;
				SWIFT_OPTIMIZATION_LEVEL = "-O";
				VALIDATE_PRODUCT = YES;
			};
			name = Release;
		};
		B665F45B2849221400551086 /* Debug */ = {
			isa = XCBuildConfiguration;
			buildSettings = {
				ASSETCATALOG_COMPILER_APPICON_NAME = AppIcon;
				ASSETCATALOG_COMPILER_GLOBAL_ACCENT_COLOR_NAME = AccentColor;
				CODE_SIGN_STYLE = Automatic;
				CURRENT_PROJECT_VERSION = 1;
				DEVELOPMENT_ASSET_PATHS = "\"Mugen Reader/Preview Content\"";
				DEVELOPMENT_TEAM = 5UJL58M7XY;
				ENABLE_PREVIEWS = YES;
				GENERATE_INFOPLIST_FILE = YES;
				INFOPLIST_KEY_UIApplicationSceneManifest_Generation = YES;
				INFOPLIST_KEY_UIApplicationSupportsIndirectInputEvents = YES;
				INFOPLIST_KEY_UILaunchScreen_Generation = YES;
				INFOPLIST_KEY_UISupportedInterfaceOrientations_iPad = "UIInterfaceOrientationPortrait UIInterfaceOrientationPortraitUpsideDown UIInterfaceOrientationLandscapeLeft UIInterfaceOrientationLandscapeRight";
				INFOPLIST_KEY_UISupportedInterfaceOrientations_iPhone = "UIInterfaceOrientationPortrait UIInterfaceOrientationLandscapeLeft UIInterfaceOrientationLandscapeRight";
				LD_RUNPATH_SEARCH_PATHS = (
					"$(inherited)",
					"@executable_path/Frameworks",
				);
				MARKETING_VERSION = 1.0;
				PRODUCT_BUNDLE_IDENTIFIER = "Rad.Mugen.Mugen-Reader";
				PRODUCT_NAME = "$(TARGET_NAME)";
				SWIFT_EMIT_LOC_STRINGS = YES;
				SWIFT_VERSION = 5.0;
				TARGETED_DEVICE_FAMILY = "1,2";
			};
			name = Debug;
		};
		B665F45C2849221400551086 /* Release */ = {
			isa = XCBuildConfiguration;
			buildSettings = {
				ASSETCATALOG_COMPILER_APPICON_NAME = AppIcon;
				ASSETCATALOG_COMPILER_GLOBAL_ACCENT_COLOR_NAME = AccentColor;
				CODE_SIGN_STYLE = Automatic;
				CURRENT_PROJECT_VERSION = 1;
				DEVELOPMENT_ASSET_PATHS = "\"Mugen Reader/Preview Content\"";
				DEVELOPMENT_TEAM = 5UJL58M7XY;
				ENABLE_PREVIEWS = YES;
				GENERATE_INFOPLIST_FILE = YES;
				INFOPLIST_KEY_UIApplicationSceneManifest_Generation = YES;
				INFOPLIST_KEY_UIApplicationSupportsIndirectInputEvents = YES;
				INFOPLIST_KEY_UILaunchScreen_Generation = YES;
				INFOPLIST_KEY_UISupportedInterfaceOrientations_iPad = "UIInterfaceOrientationPortrait UIInterfaceOrientationPortraitUpsideDown UIInterfaceOrientationLandscapeLeft UIInterfaceOrientationLandscapeRight";
				INFOPLIST_KEY_UISupportedInterfaceOrientations_iPhone = "UIInterfaceOrientationPortrait UIInterfaceOrientationLandscapeLeft UIInterfaceOrientationLandscapeRight";
				LD_RUNPATH_SEARCH_PATHS = (
					"$(inherited)",
					"@executable_path/Frameworks",
				);
				MARKETING_VERSION = 1.0;
				PRODUCT_BUNDLE_IDENTIFIER = "Rad.Mugen.Mugen-Reader";
				PRODUCT_NAME = "$(TARGET_NAME)";
				SWIFT_EMIT_LOC_STRINGS = YES;
				SWIFT_VERSION = 5.0;
				TARGETED_DEVICE_FAMILY = "1,2";
			};
			name = Release;
		};
/* End XCBuildConfiguration section */

/* Begin XCConfigurationList section */
		B665F4472849221200551086 /* Build configuration list for PBXProject "Mugen Reader" */ = {
			isa = XCConfigurationList;
			buildConfigurations = (
				B665F4582849221400551086 /* Debug */,
				B665F4592849221400551086 /* Release */,
			);
			defaultConfigurationIsVisible = 0;
			defaultConfigurationName = Release;
		};
		B665F45A2849221400551086 /* Build configuration list for PBXNativeTarget "Mugen Reader" */ = {
			isa = XCConfigurationList;
			buildConfigurations = (
				B665F45B2849221400551086 /* Debug */,
				B665F45C2849221400551086 /* Release */,
			);
			defaultConfigurationIsVisible = 0;
			defaultConfigurationName = Release;
		};
/* End XCConfigurationList section */
	};
	rootObject = B665F4442849221200551086 /* Project object */;
}
